
Microsoft Visual Studio Solution File, Format Version 12.00
# Visual Studio Version 16
VisualStudioVersion = 16.0.31729.503
MinimumVisualStudioVersion = 10.0.40219.1
Project("{9A19103F-16F7-4668-BE54-9A1E7A4F7556}") = "Proyecto2-RubenLaraMarin", "Proyecto2-RubenLaraMarin\Proyecto2-RubenLaraMarin.csproj", "{69AC178F-8315-4206-84A1-D35686F8B79C}"
EndProject
Project("{FAE04EC0-301F-11D3-BF4B-00C04F79EFBC}") = "API_Proyecto2", "API_Proyecto2\API_Proyecto2.csproj", "{060CD7EC-FA95-4A91-92CB-010C55450499}"
EndProject
Global
	GlobalSection(SolutionConfigurationPlatforms) = preSolution
		Debug|Any CPU = Debug|Any CPU
		Release|Any CPU = Release|Any CPU
	EndGlobalSection
	GlobalSection(ProjectConfigurationPlatforms) = postSolution
		{69AC178F-8315-4206-84A1-D35686F8B79C}.Debug|Any CPU.ActiveCfg = Debug|Any CPU
		{69AC178F-8315-4206-84A1-D35686F8B79C}.Debug|Any CPU.Build.0 = Debug|Any CPU
		{69AC178F-8315-4206-84A1-D35686F8B79C}.Release|Any CPU.ActiveCfg = Release|Any CPU
		{69AC178F-8315-4206-84A1-D35686F8B79C}.Release|Any CPU.Build.0 = Release|Any CPU
		{060CD7EC-FA95-4A91-92CB-010C55450499}.Debug|Any CPU.ActiveCfg = Debug|Any CPU
		{060CD7EC-FA95-4A91-92CB-010C55450499}.Debug|Any CPU.Build.0 = Debug|Any CPU
		{060CD7EC-FA95-4A91-92CB-010C55450499}.Release|Any CPU.ActiveCfg = Release|Any CPU
		{060CD7EC-FA95-4A91-92CB-010C55450499}.Release|Any CPU.Build.0 = Release|Any CPU
	EndGlobalSection
	GlobalSection(SolutionProperties) = preSolution
		HideSolutionNode = FALSE
	EndGlobalSection
	GlobalSection(ExtensibilityGlobals) = postSolution
		SolutionGuid = {39A4BE94-DF75-487E-A7E4-39E3564333FC}
	EndGlobalSection
EndGlobal
